
Microsoft Visual Studio Solution File, Format Version 12.00
# Visual Studio 15
VisualStudioVersion = 15.0.28307.329
MinimumVisualStudioVersion = 10.0.40219.1
Project("{8BC9CEB8-8B4A-11D0-8D11-00A0C91BC942}") = "Question9", "Question9.vcxproj", "{D9B4CBB0-53EC-43ED-BC89-91A5A4302A75}"
EndProject
Project("{8BC9CEB8-8B4A-11D0-8D11-00A0C91BC942}") = "Question2", "..\Question2\Question2.vcxproj", "{03E08D89-11CE-49EB-94AD-F135BF2B2D5F}"
EndProject
Project("{8BC9CEB8-8B4A-11D0-8D11-00A0C91BC942}") = "Question1", "..\Question1\Question1.vcxproj", "{DDE51FB4-6BBC-4841-9ED7-053777660970}"
EndProject
Global
	GlobalSection(SolutionConfigurationPlatforms) = preSolution
		Debug|x64 = Debug|x64
		Debug|x86 = Debug|x86
		Release|x64 = Release|x64
		Release|x86 = Release|x86
	EndGlobalSection
	GlobalSection(ProjectConfigurationPlatforms) = postSolution
		{D9B4CBB0-53EC-43ED-BC89-91A5A4302A75}.Debug|x64.ActiveCfg = Debug|x64
		{D9B4CBB0-53EC-43ED-BC89-91A5A4302A75}.Debug|x64.Build.0 = Debug|x64
		{D9B4CBB0-53EC-43ED-BC89-91A5A4302A75}.Debug|x86.ActiveCfg = Debug|Win32
		{D9B4CBB0-53EC-43ED-BC89-91A5A4302A75}.Debug|x86.Build.0 = Debug|Win32
		{D9B4CBB0-53EC-43ED-BC89-91A5A4302A75}.Release|x64.ActiveCfg = Release|x64
		{D9B4CBB0-53EC-43ED-BC89-91A5A4302A75}.Release|x64.Build.0 = Release|x64
		{D9B4CBB0-53EC-43ED-BC89-91A5A4302A75}.Release|x86.ActiveCfg = Release|Win32
		{D9B4CBB0-53EC-43ED-BC89-91A5A4302A75}.Release|x86.Build.0 = Release|Win32
		{03E08D89-11CE-49EB-94AD-F135BF2B2D5F}.Debug|x64.ActiveCfg = Debug|x64
		{03E08D89-11CE-49EB-94AD-F135BF2B2D5F}.Debug|x64.Build.0 = Debug|x64
		{03E08D89-11CE-49EB-94AD-F135BF2B2D5F}.Debug|x86.ActiveCfg = Debug|Win32
		{03E08D89-11CE-49EB-94AD-F135BF2B2D5F}.Debug|x86.Build.0 = Debug|Win32
		{03E08D89-11CE-49EB-94AD-F135BF2B2D5F}.Release|x64.ActiveCfg = Release|x64
		{03E08D89-11CE-49EB-94AD-F135BF2B2D5F}.Release|x64.Build.0 = Release|x64
		{03E08D89-11CE-49EB-94AD-F135BF2B2D5F}.Release|x86.ActiveCfg = Release|Win32
		{03E08D89-11CE-49EB-94AD-F135BF2B2D5F}.Release|x86.Build.0 = Release|Win32
		{DDE51FB4-6BBC-4841-9ED7-053777660970}.Debug|x64.ActiveCfg = Debug|x64
		{DDE51FB4-6BBC-4841-9ED7-053777660970}.Debug|x64.Build.0 = Debug|x64
		{DDE51FB4-6BBC-4841-9ED7-053777660970}.Debug|x86.ActiveCfg = Debug|Win32
		{DDE51FB4-6BBC-4841-9ED7-053777660970}.Debug|x86.Build.0 = Debug|Win32
		{DDE51FB4-6BBC-4841-9ED7-053777660970}.Release|x64.ActiveCfg = Release|x64
		{DDE51FB4-6BBC-4841-9ED7-053777660970}.Release|x64.Build.0 = Release|x64
		{DDE51FB4-6BBC-4841-9ED7-053777660970}.Release|x86.ActiveCfg = Release|Win32
		{DDE51FB4-6BBC-4841-9ED7-053777660970}.Release|x86.Build.0 = Release|Win32
	EndGlobalSection
	GlobalSection(SolutionProperties) = preSolution
		HideSolutionNode = FALSE
	EndGlobalSection
	GlobalSection(ExtensibilityGlobals) = postSolution
		SolutionGuid = {8B42B35C-EBC1-4D5C-8199-F3926DE22633}
	EndGlobalSection
EndGlobal
