
Microsoft Visual Studio Solution File, Format Version 12.00
# Visual Studio 14
VisualStudioVersion = 14.0.25420.1
MinimumVisualStudioVersion = 10.0.40219.1
Project("{8BC9CEB8-8B4A-11D0-8D11-00A0C91BC942}") = "Question1", "Question1.vcxproj", "{8A0B8A0C-2036-4750-9599-131C0D6E5279}"
EndProject
Project("{8BC9CEB8-8B4A-11D0-8D11-00A0C91BC942}") = "Question2", "..\Question2\Question2\Question2.vcxproj", "{A0C0C093-D802-4963-9444-915B1F084A21}"
EndProject
Project("{8BC9CEB8-8B4A-11D0-8D11-00A0C91BC942}") = "Question3", "..\Question3\Question3.vcxproj", "{585B657C-1CDD-4D38-A7EA-46E50DDAE82E}"
EndProject
Project("{8BC9CEB8-8B4A-11D0-8D11-00A0C91BC942}") = "Question_1", "..\Question_1\Question_1.vcxproj", "{C0F483C5-00D9-41DC-8CC2-B3190D06DCAD}"
EndProject
Project("{8BC9CEB8-8B4A-11D0-8D11-00A0C91BC942}") = "Question_2", "..\Question_2\Question_2.vcxproj", "{7C90FE44-5922-4752-9F63-860A245374B9}"
EndProject
Project("{8BC9CEB8-8B4A-11D0-8D11-00A0C91BC942}") = "Question_3", "..\Question_3\Question_3.vcxproj", "{8A04B407-89D1-45A4-ACCF-4751C83F18C9}"
EndProject
Global
	GlobalSection(SolutionConfigurationPlatforms) = preSolution
		Debug|x64 = Debug|x64
		Debug|x86 = Debug|x86
		Release|x64 = Release|x64
		Release|x86 = Release|x86
	EndGlobalSection
	GlobalSection(ProjectConfigurationPlatforms) = postSolution
		{8A0B8A0C-2036-4750-9599-131C0D6E5279}.Debug|x64.ActiveCfg = Debug|x64
		{8A0B8A0C-2036-4750-9599-131C0D6E5279}.Debug|x64.Build.0 = Debug|x64
		{8A0B8A0C-2036-4750-9599-131C0D6E5279}.Debug|x86.ActiveCfg = Debug|Win32
		{8A0B8A0C-2036-4750-9599-131C0D6E5279}.Debug|x86.Build.0 = Debug|Win32
		{8A0B8A0C-2036-4750-9599-131C0D6E5279}.Release|x64.ActiveCfg = Release|x64
		{8A0B8A0C-2036-4750-9599-131C0D6E5279}.Release|x64.Build.0 = Release|x64
		{8A0B8A0C-2036-4750-9599-131C0D6E5279}.Release|x86.ActiveCfg = Release|Win32
		{8A0B8A0C-2036-4750-9599-131C0D6E5279}.Release|x86.Build.0 = Release|Win32
		{A0C0C093-D802-4963-9444-915B1F084A21}.Debug|x64.ActiveCfg = Debug|x64
		{A0C0C093-D802-4963-9444-915B1F084A21}.Debug|x64.Build.0 = Debug|x64
		{A0C0C093-D802-4963-9444-915B1F084A21}.Debug|x86.ActiveCfg = Debug|Win32
		{A0C0C093-D802-4963-9444-915B1F084A21}.Debug|x86.Build.0 = Debug|Win32
		{A0C0C093-D802-4963-9444-915B1F084A21}.Release|x64.ActiveCfg = Release|x64
		{A0C0C093-D802-4963-9444-915B1F084A21}.Release|x64.Build.0 = Release|x64
		{A0C0C093-D802-4963-9444-915B1F084A21}.Release|x86.ActiveCfg = Release|Win32
		{A0C0C093-D802-4963-9444-915B1F084A21}.Release|x86.Build.0 = Release|Win32
		{585B657C-1CDD-4D38-A7EA-46E50DDAE82E}.Debug|x64.ActiveCfg = Debug|x64
		{585B657C-1CDD-4D38-A7EA-46E50DDAE82E}.Debug|x64.Build.0 = Debug|x64
		{585B657C-1CDD-4D38-A7EA-46E50DDAE82E}.Debug|x86.ActiveCfg = Debug|Win32
		{585B657C-1CDD-4D38-A7EA-46E50DDAE82E}.Debug|x86.Build.0 = Debug|Win32
		{585B657C-1CDD-4D38-A7EA-46E50DDAE82E}.Release|x64.ActiveCfg = Release|x64
		{585B657C-1CDD-4D38-A7EA-46E50DDAE82E}.Release|x64.Build.0 = Release|x64
		{585B657C-1CDD-4D38-A7EA-46E50DDAE82E}.Release|x86.ActiveCfg = Release|Win32
		{585B657C-1CDD-4D38-A7EA-46E50DDAE82E}.Release|x86.Build.0 = Release|Win32
		{C0F483C5-00D9-41DC-8CC2-B3190D06DCAD}.Debug|x64.ActiveCfg = Debug|x64
		{C0F483C5-00D9-41DC-8CC2-B3190D06DCAD}.Debug|x64.Build.0 = Debug|x64
		{C0F483C5-00D9-41DC-8CC2-B3190D06DCAD}.Debug|x86.ActiveCfg = Debug|Win32
		{C0F483C5-00D9-41DC-8CC2-B3190D06DCAD}.Debug|x86.Build.0 = Debug|Win32
		{C0F483C5-00D9-41DC-8CC2-B3190D06DCAD}.Release|x64.ActiveCfg = Release|x64
		{C0F483C5-00D9-41DC-8CC2-B3190D06DCAD}.Release|x64.Build.0 = Release|x64
		{C0F483C5-00D9-41DC-8CC2-B3190D06DCAD}.Release|x86.ActiveCfg = Release|Win32
		{C0F483C5-00D9-41DC-8CC2-B3190D06DCAD}.Release|x86.Build.0 = Release|Win32
		{7C90FE44-5922-4752-9F63-860A245374B9}.Debug|x64.ActiveCfg = Debug|x64
		{7C90FE44-5922-4752-9F63-860A245374B9}.Debug|x64.Build.0 = Debug|x64
		{7C90FE44-5922-4752-9F63-860A245374B9}.Debug|x86.ActiveCfg = Debug|Win32
		{7C90FE44-5922-4752-9F63-860A245374B9}.Debug|x86.Build.0 = Debug|Win32
		{7C90FE44-5922-4752-9F63-860A245374B9}.Release|x64.ActiveCfg = Release|x64
		{7C90FE44-5922-4752-9F63-860A245374B9}.Release|x64.Build.0 = Release|x64
		{7C90FE44-5922-4752-9F63-860A245374B9}.Release|x86.ActiveCfg = Release|Win32
		{7C90FE44-5922-4752-9F63-860A245374B9}.Release|x86.Build.0 = Release|Win32
		{8A04B407-89D1-45A4-ACCF-4751C83F18C9}.Debug|x64.ActiveCfg = Debug|x64
		{8A04B407-89D1-45A4-ACCF-4751C83F18C9}.Debug|x64.Build.0 = Debug|x64
		{8A04B407-89D1-45A4-ACCF-4751C83F18C9}.Debug|x86.ActiveCfg = Debug|Win32
		{8A04B407-89D1-45A4-ACCF-4751C83F18C9}.Debug|x86.Build.0 = Debug|Win32
		{8A04B407-89D1-45A4-ACCF-4751C83F18C9}.Release|x64.ActiveCfg = Release|x64
		{8A04B407-89D1-45A4-ACCF-4751C83F18C9}.Release|x64.Build.0 = Release|x64
		{8A04B407-89D1-45A4-ACCF-4751C83F18C9}.Release|x86.ActiveCfg = Release|Win32
		{8A04B407-89D1-45A4-ACCF-4751C83F18C9}.Release|x86.Build.0 = Release|Win32
	EndGlobalSection
	GlobalSection(SolutionProperties) = preSolution
		HideSolutionNode = FALSE
	EndGlobalSection
	GlobalSection(ExtensibilityGlobals) = postSolution
		SolutionGuid = {567718E4-7F97-4B88-81E9-C2C55C046EB0}
	EndGlobalSection
EndGlobal
