
Microsoft Visual Studio Solution File, Format Version 12.00
# Visual Studio 14
VisualStudioVersion = 14.0.25420.1
MinimumVisualStudioVersion = 10.0.40219.1
Project("{8BC9CEB8-8B4A-11D0-8D11-00A0C91BC942}") = "Question1", "Question1\Question1.vcxproj", "{C3340322-2411-4C61-A620-66171B024852}"
EndProject
Project("{8BC9CEB8-8B4A-11D0-8D11-00A0C91BC942}") = "Question2", "..\Question2\Question2.vcxproj", "{A53D5758-62AC-4DE9-A42E-E88FBA709197}"
EndProject
Project("{8BC9CEB8-8B4A-11D0-8D11-00A0C91BC942}") = "Question3", "..\Question3\Question3.vcxproj", "{E67D824B-5134-4F4B-AD1C-FE81CA24EC67}"
EndProject
Project("{8BC9CEB8-8B4A-11D0-8D11-00A0C91BC942}") = "Question4", "..\Question4\Question4.vcxproj", "{462003F2-F6AD-4CA8-8F96-D48E9536DC2A}"
EndProject
Project("{8BC9CEB8-8B4A-11D0-8D11-00A0C91BC942}") = "Question5", "..\Question5\Question5.vcxproj", "{ADAB941C-DBCB-4517-B570-35F209BEA077}"
EndProject
Global
	GlobalSection(SolutionConfigurationPlatforms) = preSolution
		Debug|x64 = Debug|x64
		Debug|x86 = Debug|x86
		Release|x64 = Release|x64
		Release|x86 = Release|x86
	EndGlobalSection
	GlobalSection(ProjectConfigurationPlatforms) = postSolution
		{C3340322-2411-4C61-A620-66171B024852}.Debug|x64.ActiveCfg = Debug|x64
		{C3340322-2411-4C61-A620-66171B024852}.Debug|x64.Build.0 = Debug|x64
		{C3340322-2411-4C61-A620-66171B024852}.Debug|x86.ActiveCfg = Debug|Win32
		{C3340322-2411-4C61-A620-66171B024852}.Debug|x86.Build.0 = Debug|Win32
		{C3340322-2411-4C61-A620-66171B024852}.Release|x64.ActiveCfg = Release|x64
		{C3340322-2411-4C61-A620-66171B024852}.Release|x64.Build.0 = Release|x64
		{C3340322-2411-4C61-A620-66171B024852}.Release|x86.ActiveCfg = Release|Win32
		{C3340322-2411-4C61-A620-66171B024852}.Release|x86.Build.0 = Release|Win32
		{A53D5758-62AC-4DE9-A42E-E88FBA709197}.Debug|x64.ActiveCfg = Debug|x64
		{A53D5758-62AC-4DE9-A42E-E88FBA709197}.Debug|x64.Build.0 = Debug|x64
		{A53D5758-62AC-4DE9-A42E-E88FBA709197}.Debug|x86.ActiveCfg = Debug|Win32
		{A53D5758-62AC-4DE9-A42E-E88FBA709197}.Debug|x86.Build.0 = Debug|Win32
		{A53D5758-62AC-4DE9-A42E-E88FBA709197}.Release|x64.ActiveCfg = Release|x64
		{A53D5758-62AC-4DE9-A42E-E88FBA709197}.Release|x64.Build.0 = Release|x64
		{A53D5758-62AC-4DE9-A42E-E88FBA709197}.Release|x86.ActiveCfg = Release|Win32
		{A53D5758-62AC-4DE9-A42E-E88FBA709197}.Release|x86.Build.0 = Release|Win32
		{E67D824B-5134-4F4B-AD1C-FE81CA24EC67}.Debug|x64.ActiveCfg = Debug|x64
		{E67D824B-5134-4F4B-AD1C-FE81CA24EC67}.Debug|x64.Build.0 = Debug|x64
		{E67D824B-5134-4F4B-AD1C-FE81CA24EC67}.Debug|x86.ActiveCfg = Debug|Win32
		{E67D824B-5134-4F4B-AD1C-FE81CA24EC67}.Debug|x86.Build.0 = Debug|Win32
		{E67D824B-5134-4F4B-AD1C-FE81CA24EC67}.Release|x64.ActiveCfg = Release|x64
		{E67D824B-5134-4F4B-AD1C-FE81CA24EC67}.Release|x64.Build.0 = Release|x64
		{E67D824B-5134-4F4B-AD1C-FE81CA24EC67}.Release|x86.ActiveCfg = Release|Win32
		{E67D824B-5134-4F4B-AD1C-FE81CA24EC67}.Release|x86.Build.0 = Release|Win32
		{462003F2-F6AD-4CA8-8F96-D48E9536DC2A}.Debug|x64.ActiveCfg = Debug|x64
		{462003F2-F6AD-4CA8-8F96-D48E9536DC2A}.Debug|x64.Build.0 = Debug|x64
		{462003F2-F6AD-4CA8-8F96-D48E9536DC2A}.Debug|x86.ActiveCfg = Debug|Win32
		{462003F2-F6AD-4CA8-8F96-D48E9536DC2A}.Debug|x86.Build.0 = Debug|Win32
		{462003F2-F6AD-4CA8-8F96-D48E9536DC2A}.Release|x64.ActiveCfg = Release|x64
		{462003F2-F6AD-4CA8-8F96-D48E9536DC2A}.Release|x64.Build.0 = Release|x64
		{462003F2-F6AD-4CA8-8F96-D48E9536DC2A}.Release|x86.ActiveCfg = Release|Win32
		{462003F2-F6AD-4CA8-8F96-D48E9536DC2A}.Release|x86.Build.0 = Release|Win32
		{ADAB941C-DBCB-4517-B570-35F209BEA077}.Debug|x64.ActiveCfg = Debug|x64
		{ADAB941C-DBCB-4517-B570-35F209BEA077}.Debug|x64.Build.0 = Debug|x64
		{ADAB941C-DBCB-4517-B570-35F209BEA077}.Debug|x86.ActiveCfg = Debug|Win32
		{ADAB941C-DBCB-4517-B570-35F209BEA077}.Debug|x86.Build.0 = Debug|Win32
		{ADAB941C-DBCB-4517-B570-35F209BEA077}.Release|x64.ActiveCfg = Release|x64
		{ADAB941C-DBCB-4517-B570-35F209BEA077}.Release|x64.Build.0 = Release|x64
		{ADAB941C-DBCB-4517-B570-35F209BEA077}.Release|x86.ActiveCfg = Release|Win32
		{ADAB941C-DBCB-4517-B570-35F209BEA077}.Release|x86.Build.0 = Release|Win32
	EndGlobalSection
	GlobalSection(SolutionProperties) = preSolution
		HideSolutionNode = FALSE
	EndGlobalSection
EndGlobal
