
Microsoft Visual Studio Solution File, Format Version 12.00
# Visual Studio 14
VisualStudioVersion = 14.0.25420.1
MinimumVisualStudioVersion = 10.0.40219.1
Project("{8BC9CEB8-8B4A-11D0-8D11-00A0C91BC942}") = "Question13", "Question13.vcxproj", "{A04C8511-E472-445A-A52A-3F1A69FC9F54}"
EndProject
Project("{8BC9CEB8-8B4A-11D0-8D11-00A0C91BC942}") = "Question9", "..\Question9\Question9.vcxproj", "{31A93E16-6CB4-4DDB-A010-62CBD7066926}"
EndProject
Project("{8BC9CEB8-8B4A-11D0-8D11-00A0C91BC942}") = "Question8", "..\Question8\Question8.vcxproj", "{54E705D5-45C9-4CFA-9883-6B0AF5EC2A87}"
EndProject
Project("{8BC9CEB8-8B4A-11D0-8D11-00A0C91BC942}") = "Question4", "..\Question4\Question4.vcxproj", "{2295F9AD-A40F-450F-9691-A97FF1703D6B}"
EndProject
Project("{8BC9CEB8-8B4A-11D0-8D11-00A0C91BC942}") = "Question5", "..\Question5\Question5.vcxproj", "{BAD7A019-BB5B-4CDC-BEA1-F43CDA7E3979}"
EndProject
Project("{8BC9CEB8-8B4A-11D0-8D11-00A0C91BC942}") = "Question10", "..\Question10\Question10.vcxproj", "{2BE2A94C-D94F-402F-B607-3A238213F2D1}"
EndProject
Project("{8BC9CEB8-8B4A-11D0-8D11-00A0C91BC942}") = "Question7", "..\Question7\Question7.vcxproj", "{440089AB-A48A-4C9D-8BCF-2AB49754C83A}"
EndProject
Global
	GlobalSection(SolutionConfigurationPlatforms) = preSolution
		Debug|x64 = Debug|x64
		Debug|x86 = Debug|x86
		Release|x64 = Release|x64
		Release|x86 = Release|x86
	EndGlobalSection
	GlobalSection(ProjectConfigurationPlatforms) = postSolution
		{A04C8511-E472-445A-A52A-3F1A69FC9F54}.Debug|x64.ActiveCfg = Debug|x64
		{A04C8511-E472-445A-A52A-3F1A69FC9F54}.Debug|x64.Build.0 = Debug|x64
		{A04C8511-E472-445A-A52A-3F1A69FC9F54}.Debug|x86.ActiveCfg = Debug|Win32
		{A04C8511-E472-445A-A52A-3F1A69FC9F54}.Debug|x86.Build.0 = Debug|Win32
		{A04C8511-E472-445A-A52A-3F1A69FC9F54}.Release|x64.ActiveCfg = Release|x64
		{A04C8511-E472-445A-A52A-3F1A69FC9F54}.Release|x64.Build.0 = Release|x64
		{A04C8511-E472-445A-A52A-3F1A69FC9F54}.Release|x86.ActiveCfg = Release|Win32
		{A04C8511-E472-445A-A52A-3F1A69FC9F54}.Release|x86.Build.0 = Release|Win32
		{31A93E16-6CB4-4DDB-A010-62CBD7066926}.Debug|x64.ActiveCfg = Debug|x64
		{31A93E16-6CB4-4DDB-A010-62CBD7066926}.Debug|x64.Build.0 = Debug|x64
		{31A93E16-6CB4-4DDB-A010-62CBD7066926}.Debug|x86.ActiveCfg = Debug|Win32
		{31A93E16-6CB4-4DDB-A010-62CBD7066926}.Debug|x86.Build.0 = Debug|Win32
		{31A93E16-6CB4-4DDB-A010-62CBD7066926}.Release|x64.ActiveCfg = Release|x64
		{31A93E16-6CB4-4DDB-A010-62CBD7066926}.Release|x64.Build.0 = Release|x64
		{31A93E16-6CB4-4DDB-A010-62CBD7066926}.Release|x86.ActiveCfg = Release|Win32
		{31A93E16-6CB4-4DDB-A010-62CBD7066926}.Release|x86.Build.0 = Release|Win32
		{54E705D5-45C9-4CFA-9883-6B0AF5EC2A87}.Debug|x64.ActiveCfg = Debug|x64
		{54E705D5-45C9-4CFA-9883-6B0AF5EC2A87}.Debug|x64.Build.0 = Debug|x64
		{54E705D5-45C9-4CFA-9883-6B0AF5EC2A87}.Debug|x86.ActiveCfg = Debug|Win32
		{54E705D5-45C9-4CFA-9883-6B0AF5EC2A87}.Debug|x86.Build.0 = Debug|Win32
		{54E705D5-45C9-4CFA-9883-6B0AF5EC2A87}.Release|x64.ActiveCfg = Release|x64
		{54E705D5-45C9-4CFA-9883-6B0AF5EC2A87}.Release|x64.Build.0 = Release|x64
		{54E705D5-45C9-4CFA-9883-6B0AF5EC2A87}.Release|x86.ActiveCfg = Release|Win32
		{54E705D5-45C9-4CFA-9883-6B0AF5EC2A87}.Release|x86.Build.0 = Release|Win32
		{2295F9AD-A40F-450F-9691-A97FF1703D6B}.Debug|x64.ActiveCfg = Debug|x64
		{2295F9AD-A40F-450F-9691-A97FF1703D6B}.Debug|x64.Build.0 = Debug|x64
		{2295F9AD-A40F-450F-9691-A97FF1703D6B}.Debug|x86.ActiveCfg = Debug|Win32
		{2295F9AD-A40F-450F-9691-A97FF1703D6B}.Debug|x86.Build.0 = Debug|Win32
		{2295F9AD-A40F-450F-9691-A97FF1703D6B}.Release|x64.ActiveCfg = Release|x64
		{2295F9AD-A40F-450F-9691-A97FF1703D6B}.Release|x64.Build.0 = Release|x64
		{2295F9AD-A40F-450F-9691-A97FF1703D6B}.Release|x86.ActiveCfg = Release|Win32
		{2295F9AD-A40F-450F-9691-A97FF1703D6B}.Release|x86.Build.0 = Release|Win32
		{BAD7A019-BB5B-4CDC-BEA1-F43CDA7E3979}.Debug|x64.ActiveCfg = Debug|x64
		{BAD7A019-BB5B-4CDC-BEA1-F43CDA7E3979}.Debug|x64.Build.0 = Debug|x64
		{BAD7A019-BB5B-4CDC-BEA1-F43CDA7E3979}.Debug|x86.ActiveCfg = Debug|Win32
		{BAD7A019-BB5B-4CDC-BEA1-F43CDA7E3979}.Debug|x86.Build.0 = Debug|Win32
		{BAD7A019-BB5B-4CDC-BEA1-F43CDA7E3979}.Release|x64.ActiveCfg = Release|x64
		{BAD7A019-BB5B-4CDC-BEA1-F43CDA7E3979}.Release|x64.Build.0 = Release|x64
		{BAD7A019-BB5B-4CDC-BEA1-F43CDA7E3979}.Release|x86.ActiveCfg = Release|Win32
		{BAD7A019-BB5B-4CDC-BEA1-F43CDA7E3979}.Release|x86.Build.0 = Release|Win32
		{2BE2A94C-D94F-402F-B607-3A238213F2D1}.Debug|x64.ActiveCfg = Debug|x64
		{2BE2A94C-D94F-402F-B607-3A238213F2D1}.Debug|x64.Build.0 = Debug|x64
		{2BE2A94C-D94F-402F-B607-3A238213F2D1}.Debug|x86.ActiveCfg = Debug|Win32
		{2BE2A94C-D94F-402F-B607-3A238213F2D1}.Debug|x86.Build.0 = Debug|Win32
		{2BE2A94C-D94F-402F-B607-3A238213F2D1}.Release|x64.ActiveCfg = Release|x64
		{2BE2A94C-D94F-402F-B607-3A238213F2D1}.Release|x64.Build.0 = Release|x64
		{2BE2A94C-D94F-402F-B607-3A238213F2D1}.Release|x86.ActiveCfg = Release|Win32
		{2BE2A94C-D94F-402F-B607-3A238213F2D1}.Release|x86.Build.0 = Release|Win32
		{440089AB-A48A-4C9D-8BCF-2AB49754C83A}.Debug|x64.ActiveCfg = Debug|x64
		{440089AB-A48A-4C9D-8BCF-2AB49754C83A}.Debug|x64.Build.0 = Debug|x64
		{440089AB-A48A-4C9D-8BCF-2AB49754C83A}.Debug|x86.ActiveCfg = Debug|Win32
		{440089AB-A48A-4C9D-8BCF-2AB49754C83A}.Debug|x86.Build.0 = Debug|Win32
		{440089AB-A48A-4C9D-8BCF-2AB49754C83A}.Release|x64.ActiveCfg = Release|x64
		{440089AB-A48A-4C9D-8BCF-2AB49754C83A}.Release|x64.Build.0 = Release|x64
		{440089AB-A48A-4C9D-8BCF-2AB49754C83A}.Release|x86.ActiveCfg = Release|Win32
		{440089AB-A48A-4C9D-8BCF-2AB49754C83A}.Release|x86.Build.0 = Release|Win32
	EndGlobalSection
	GlobalSection(SolutionProperties) = preSolution
		HideSolutionNode = FALSE
	EndGlobalSection
EndGlobal
