
Microsoft Visual Studio Solution File, Format Version 12.00
# Visual Studio 14
VisualStudioVersion = 14.0.25420.1
MinimumVisualStudioVersion = 10.0.40219.1
Project("{8BC9CEB8-8B4A-11D0-8D11-00A0C91BC942}") = "Question1", "Question1.vcxproj", "{2BC30719-6910-46C9-9948-6E020B73D7F9}"
EndProject
Project("{8BC9CEB8-8B4A-11D0-8D11-00A0C91BC942}") = "Question2", "..\Question2\Question2.vcxproj", "{25CF89A7-4F96-4136-8D93-7B7C4D379ADE}"
EndProject
Project("{8BC9CEB8-8B4A-11D0-8D11-00A0C91BC942}") = "Question3", "..\Question3\Question3.vcxproj", "{E0AA32C6-4A49-49B2-AD15-4200477D94A0}"
EndProject
Global
	GlobalSection(SolutionConfigurationPlatforms) = preSolution
		Debug|x64 = Debug|x64
		Debug|x86 = Debug|x86
		Release|x64 = Release|x64
		Release|x86 = Release|x86
	EndGlobalSection
	GlobalSection(ProjectConfigurationPlatforms) = postSolution
		{2BC30719-6910-46C9-9948-6E020B73D7F9}.Debug|x64.ActiveCfg = Debug|x64
		{2BC30719-6910-46C9-9948-6E020B73D7F9}.Debug|x64.Build.0 = Debug|x64
		{2BC30719-6910-46C9-9948-6E020B73D7F9}.Debug|x86.ActiveCfg = Debug|Win32
		{2BC30719-6910-46C9-9948-6E020B73D7F9}.Debug|x86.Build.0 = Debug|Win32
		{2BC30719-6910-46C9-9948-6E020B73D7F9}.Release|x64.ActiveCfg = Release|x64
		{2BC30719-6910-46C9-9948-6E020B73D7F9}.Release|x64.Build.0 = Release|x64
		{2BC30719-6910-46C9-9948-6E020B73D7F9}.Release|x86.ActiveCfg = Release|Win32
		{2BC30719-6910-46C9-9948-6E020B73D7F9}.Release|x86.Build.0 = Release|Win32
		{25CF89A7-4F96-4136-8D93-7B7C4D379ADE}.Debug|x64.ActiveCfg = Debug|x64
		{25CF89A7-4F96-4136-8D93-7B7C4D379ADE}.Debug|x64.Build.0 = Debug|x64
		{25CF89A7-4F96-4136-8D93-7B7C4D379ADE}.Debug|x86.ActiveCfg = Debug|Win32
		{25CF89A7-4F96-4136-8D93-7B7C4D379ADE}.Debug|x86.Build.0 = Debug|Win32
		{25CF89A7-4F96-4136-8D93-7B7C4D379ADE}.Release|x64.ActiveCfg = Release|x64
		{25CF89A7-4F96-4136-8D93-7B7C4D379ADE}.Release|x64.Build.0 = Release|x64
		{25CF89A7-4F96-4136-8D93-7B7C4D379ADE}.Release|x86.ActiveCfg = Release|Win32
		{25CF89A7-4F96-4136-8D93-7B7C4D379ADE}.Release|x86.Build.0 = Release|Win32
		{E0AA32C6-4A49-49B2-AD15-4200477D94A0}.Debug|x64.ActiveCfg = Debug|x64
		{E0AA32C6-4A49-49B2-AD15-4200477D94A0}.Debug|x64.Build.0 = Debug|x64
		{E0AA32C6-4A49-49B2-AD15-4200477D94A0}.Debug|x86.ActiveCfg = Debug|Win32
		{E0AA32C6-4A49-49B2-AD15-4200477D94A0}.Debug|x86.Build.0 = Debug|Win32
		{E0AA32C6-4A49-49B2-AD15-4200477D94A0}.Release|x64.ActiveCfg = Release|x64
		{E0AA32C6-4A49-49B2-AD15-4200477D94A0}.Release|x64.Build.0 = Release|x64
		{E0AA32C6-4A49-49B2-AD15-4200477D94A0}.Release|x86.ActiveCfg = Release|Win32
		{E0AA32C6-4A49-49B2-AD15-4200477D94A0}.Release|x86.Build.0 = Release|Win32
	EndGlobalSection
	GlobalSection(SolutionProperties) = preSolution
		HideSolutionNode = FALSE
	EndGlobalSection
EndGlobal
